
Microsoft Visual Studio Solution File, Format Version 12.00
# Visual Studio 2015
Project("{FAE04EC0-301F-11D3-BF4B-00C04F79EFBC}") = "ardwino.CSharp", "ardwino.CSharp.csproj", "{6E029456-9994-82BB-0E91-AD56E4FC4218}"
EndProject
Global
	GlobalSection(SolutionConfigurationPlatforms) = preSolution
		Debug|Any CPU = Debug|Any CPU
		Release|Any CPU = Release|Any CPU
	EndGlobalSection
	GlobalSection(ProjectConfigurationPlatforms) = postSolution
		{6E029456-9994-82BB-0E91-AD56E4FC4218}.Debug|Any CPU.ActiveCfg = Debug|Any CPU
		{6E029456-9994-82BB-0E91-AD56E4FC4218}.Debug|Any CPU.Build.0 = Debug|Any CPU
		{6E029456-9994-82BB-0E91-AD56E4FC4218}.Release|Any CPU.ActiveCfg = Release|Any CPU
		{6E029456-9994-82BB-0E91-AD56E4FC4218}.Release|Any CPU.Build.0 = Release|Any CPU
	EndGlobalSection
	GlobalSection(SolutionProperties) = preSolution
		HideSolutionNode = FALSE
	EndGlobalSection
EndGlobal
